// !$*UTF8*$!
{
	archiveVersion = 1;
	classes = {
	};
	objectVersion = 55;
	objects = {

/* Begin PBXBuildFile section */
		1861AA7327E7B3D800F6ED35 /* Avatar_with_Instructions.mp4 in Resources */ = {isa = PBXBuildFile; fileRef = 1861AA7227E7B3D800F6ED35 /* Avatar_with_Instructions.mp4 */; };
		1861AA7527E7B75900F6ED35 /* AvatarViewController.swift in Sources */ = {isa = PBXBuildFile; fileRef = 1861AA7427E7B75900F6ED35 /* AvatarViewController.swift */; };
		1861AA7927E7B88A00F6ED35 /* ForgottencodeViewController.swift in Sources */ = {isa = PBXBuildFile; fileRef = 1861AA7827E7B88A00F6ED35 /* ForgottencodeViewController.swift */; };
		1861AA7B27E7C08B00F6ED35 /* CameraViewController.swift in Sources */ = {isa = PBXBuildFile; fileRef = 1861AA7A27E7C08B00F6ED35 /* CameraViewController.swift */; };
		1861AA7D27E7C69800F6ED35 /* AvatarWaving.png in Resources */ = {isa = PBXBuildFile; fileRef = 1861AA7C27E7C69800F6ED35 /* AvatarWaving.png */; };
		1861AA7F27E7C89000F6ED35 /* grossmotoricon.jpeg in Resources */ = {isa = PBXBuildFile; fileRef = 1861AA7E27E7C89000F6ED35 /* grossmotoricon.jpeg */; };
		1861AA8327E8B20D00F6ED35 /* Bunnybackground.jpeg in Resources */ = {isa = PBXBuildFile; fileRef = 1861AA8227E8B20D00F6ED35 /* Bunnybackground.jpeg */; };
		1861AA8527E8C10D00F6ED35 /* Bunnybackground2.jpeg in Resources */ = {isa = PBXBuildFile; fileRef = 1861AA8427E8C10D00F6ED35 /* Bunnybackground2.jpeg */; };
		1861AA8727E9601100F6ED35 /* Bunnycongrats.jpeg in Resources */ = {isa = PBXBuildFile; fileRef = 1861AA8627E9601100F6ED35 /* Bunnycongrats.jpeg */; };
		18A466CC27B0282F00B43A23 /* AppDelegate.swift in Sources */ = {isa = PBXBuildFile; fileRef = 18A466CB27B0282F00B43A23 /* AppDelegate.swift */; };
		18A466CE27B0282F00B43A23 /* SceneDelegate.swift in Sources */ = {isa = PBXBuildFile; fileRef = 18A466CD27B0282F00B43A23 /* SceneDelegate.swift */; };
		18A466D027B0282F00B43A23 /* ViewController.swift in Sources */ = {isa = PBXBuildFile; fileRef = 18A466CF27B0282F00B43A23 /* ViewController.swift */; };
		18A466D327B0282F00B43A23 /* Main.storyboard in Resources */ = {isa = PBXBuildFile; fileRef = 18A466D127B0282F00B43A23 /* Main.storyboard */; };
		18A466D527B0283000B43A23 /* Assets.xcassets in Resources */ = {isa = PBXBuildFile; fileRef = 18A466D427B0283000B43A23 /* Assets.xcassets */; };
		18A466D827B0283000B43A23 /* LaunchScreen.storyboard in Resources */ = {isa = PBXBuildFile; fileRef = 18A466D627B0283000B43A23 /* LaunchScreen.storyboard */; };
		18A466E327B0283000B43A23 /* GrossMotorGameTests.swift in Sources */ = {isa = PBXBuildFile; fileRef = 18A466E227B0283000B43A23 /* GrossMotorGameTests.swift */; };
		18A466ED27B0283000B43A23 /* GrossMotorGameUITests.swift in Sources */ = {isa = PBXBuildFile; fileRef = 18A466EC27B0283000B43A23 /* GrossMotorGameUITests.swift */; };
		18A466EF27B0283000B43A23 /* GrossMotorGameUITestsLaunchTests.swift in Sources */ = {isa = PBXBuildFile; fileRef = 18A466EE27B0283000B43A23 /* GrossMotorGameUITestsLaunchTests.swift */; };
		18A466FC27B466B500B43A23 /* WelcomeStep1ViewControlViewController.swift in Sources */ = {isa = PBXBuildFile; fileRef = 18A466FB27B466B500B43A23 /* WelcomeStep1ViewControlViewController.swift */; };
		18A466FE27B466D400B43A23 /* WelcomeStep2ViewController.swift in Sources */ = {isa = PBXBuildFile; fileRef = 18A466FD27B466D400B43A23 /* WelcomeStep2ViewController.swift */; };
		18A4670027B466EB00B43A23 /* User.swift in Sources */ = {isa = PBXBuildFile; fileRef = 18A466FF27B466EB00B43A23 /* User.swift */; };
/* End PBXBuildFile section */

/* Begin PBXContainerItemProxy section */
		18A466DF27B0283000B43A23 /* PBXContainerItemProxy */ = {
			isa = PBXContainerItemProxy;
			containerPortal = 18A466C027B0282F00B43A23 /* Project object */;
			proxyType = 1;
			remoteGlobalIDString = 18A466C727B0282F00B43A23;
			remoteInfo = GrossMotorGame;
		};
		18A466E927B0283000B43A23 /* PBXContainerItemProxy */ = {
			isa = PBXContainerItemProxy;
			containerPortal = 18A466C027B0282F00B43A23 /* Project object */;
			proxyType = 1;
			remoteGlobalIDString = 18A466C727B0282F00B43A23;
			remoteInfo = GrossMotorGame;
		};
/* End PBXContainerItemProxy section */

/* Begin PBXFileReference section */
		1861AA7227E7B3D800F6ED35 /* Avatar_with_Instructions.mp4 */ = {isa = PBXFileReference; lastKnownFileType = file; name = Avatar_with_Instructions.mp4; path = ../../../Downloads/Avatar_with_Instructions.mp4; sourceTree = "<group>"; };
		1861AA7427E7B75900F6ED35 /* AvatarViewController.swift */ = {isa = PBXFileReference; lastKnownFileType = sourcecode.swift; path = AvatarViewController.swift; sourceTree = "<group>"; };
		1861AA7827E7B88A00F6ED35 /* ForgottencodeViewController.swift */ = {isa = PBXFileReference; lastKnownFileType = sourcecode.swift; path = ForgottencodeViewController.swift; sourceTree = "<group>"; };
		1861AA7A27E7C08B00F6ED35 /* CameraViewController.swift */ = {isa = PBXFileReference; lastKnownFileType = sourcecode.swift; path = CameraViewController.swift; sourceTree = "<group>"; };
		1861AA7C27E7C69800F6ED35 /* AvatarWaving.png */ = {isa = PBXFileReference; lastKnownFileType = image.png; path = AvatarWaving.png; sourceTree = "<group>"; };
		1861AA7E27E7C89000F6ED35 /* grossmotoricon.jpeg */ = {isa = PBXFileReference; lastKnownFileType = image.jpeg; path = grossmotoricon.jpeg; sourceTree = "<group>"; };
		1861AA8227E8B20D00F6ED35 /* Bunnybackground.jpeg */ = {isa = PBXFileReference; lastKnownFileType = image.jpeg; path = Bunnybackground.jpeg; sourceTree = "<group>"; };
		1861AA8427E8C10D00F6ED35 /* Bunnybackground2.jpeg */ = {isa = PBXFileReference; lastKnownFileType = image.jpeg; path = Bunnybackground2.jpeg; sourceTree = "<group>"; };
		1861AA8627E9601100F6ED35 /* Bunnycongrats.jpeg */ = {isa = PBXFileReference; lastKnownFileType = image.jpeg; path = Bunnycongrats.jpeg; sourceTree = "<group>"; };
		18A466C827B0282F00B43A23 /* GrossMotorGame.app */ = {isa = PBXFileReference; explicitFileType = wrapper.application; includeInIndex = 0; path = GrossMotorGame.app; sourceTree = BUILT_PRODUCTS_DIR; };
		18A466CB27B0282F00B43A23 /* AppDelegate.swift */ = {isa = PBXFileReference; lastKnownFileType = sourcecode.swift; path = AppDelegate.swift; sourceTree = "<group>"; };
		18A466CD27B0282F00B43A23 /* SceneDelegate.swift */ = {isa = PBXFileReference; lastKnownFileType = sourcecode.swift; path = SceneDelegate.swift; sourceTree = "<group>"; };
		18A466CF27B0282F00B43A23 /* ViewController.swift */ = {isa = PBXFileReference; lastKnownFileType = sourcecode.swift; path = ViewController.swift; sourceTree = "<group>"; };
		18A466D227B0282F00B43A23 /* Base */ = {isa = PBXFileReference; lastKnownFileType = file.storyboard; name = Base; path = Base.lproj/Main.storyboard; sourceTree = "<group>"; };
		18A466D427B0283000B43A23 /* Assets.xcassets */ = {isa = PBXFileReference; lastKnownFileType = folder.assetcatalog; path = Assets.xcassets; sourceTree = "<group>"; };
		18A466D727B0283000B43A23 /* Base */ = {isa = PBXFileReference; lastKnownFileType = file.storyboard; name = Base; path = Base.lproj/LaunchScreen.storyboard; sourceTree = "<group>"; };
		18A466D927B0283000B43A23 /* Info.plist */ = {isa = PBXFileReference; lastKnownFileType = text.plist.xml; path = Info.plist; sourceTree = "<group>"; };
		18A466DE27B0283000B43A23 /* GrossMotorGameTests.xctest */ = {isa = PBXFileReference; explicitFileType = wrapper.cfbundle; includeInIndex = 0; path = GrossMotorGameTests.xctest; sourceTree = BUILT_PRODUCTS_DIR; };
		18A466E227B0283000B43A23 /* GrossMotorGameTests.swift */ = {isa = PBXFileReference; lastKnownFileType = sourcecode.swift; path = GrossMotorGameTests.swift; sourceTree = "<group>"; };
		18A466E827B0283000B43A23 /* GrossMotorGameUITests.xctest */ = {isa = PBXFileReference; explicitFileType = wrapper.cfbundle; includeInIndex = 0; path = GrossMotorGameUITests.xctest; sourceTree = BUILT_PRODUCTS_DIR; };
		18A466EC27B0283000B43A23 /* GrossMotorGameUITests.swift */ = {isa = PBXFileReference; lastKnownFileType = sourcecode.swift; path = GrossMotorGameUITests.swift; sourceTree = "<group>"; };
		18A466EE27B0283000B43A23 /* GrossMotorGameUITestsLaunchTests.swift */ = {isa = PBXFileReference; lastKnownFileType = sourcecode.swift; path = GrossMotorGameUITestsLaunchTests.swift; sourceTree = "<group>"; };
		18A466FB27B466B500B43A23 /* WelcomeStep1ViewControlViewController.swift */ = {isa = PBXFileReference; lastKnownFileType = sourcecode.swift; path = WelcomeStep1ViewControlViewController.swift; sourceTree = "<group>"; };
		18A466FD27B466D400B43A23 /* WelcomeStep2ViewController.swift */ = {isa = PBXFileReference; lastKnownFileType = sourcecode.swift; path = WelcomeStep2ViewController.swift; sourceTree = "<group>"; };
		18A466FF27B466EB00B43A23 /* User.swift */ = {isa = PBXFileReference; lastKnownFileType = sourcecode.swift; path = User.swift; sourceTree = "<group>"; };
/* End PBXFileReference section */

/* Begin PBXFrameworksBuildPhase section */
		18A466C527B0282F00B43A23 /* Frameworks */ = {
			isa = PBXFrameworksBuildPhase;
			buildActionMask = 2147483647;
			files = (
			);
			runOnlyForDeploymentPostprocessing = 0;
		};
		18A466DB27B0283000B43A23 /* Frameworks */ = {
			isa = PBXFrameworksBuildPhase;
			buildActionMask = 2147483647;
			files = (
			);
			runOnlyForDeploymentPostprocessing = 0;
		};
		18A466E527B0283000B43A23 /* Frameworks */ = {
			isa = PBXFrameworksBuildPhase;
			buildActionMask = 2147483647;
			files = (
			);
			runOnlyForDeploymentPostprocessing = 0;
		};
/* End PBXFrameworksBuildPhase section */

/* Begin PBXGroup section */
		1861AA7627E7B77600F6ED35 /* ViewControllers */ = {
			isa = PBXGroup;
			children = (
				1861AA7A27E7C08B00F6ED35 /* CameraViewController.swift */,
				1861AA7427E7B75900F6ED35 /* AvatarViewController.swift */,
				18A466FD27B466D400B43A23 /* WelcomeStep2ViewController.swift */,
				18A466FB27B466B500B43A23 /* WelcomeStep1ViewControlViewController.swift */,
				1861AA7827E7B88A00F6ED35 /* ForgottencodeViewController.swift */,
			);
			path = ViewControllers;
			sourceTree = "<group>";
		};
		18A466BF27B0282F00B43A23 = {
			isa = PBXGroup;
			children = (
				18A466CA27B0282F00B43A23 /* GrossMotorGame */,
				18A466E127B0283000B43A23 /* GrossMotorGameTests */,
				18A466EB27B0283000B43A23 /* GrossMotorGameUITests */,
				18A466C927B0282F00B43A23 /* Products */,
			);
			sourceTree = "<group>";
		};
		18A466C927B0282F00B43A23 /* Products */ = {
			isa = PBXGroup;
			children = (
				18A466C827B0282F00B43A23 /* GrossMotorGame.app */,
				18A466DE27B0283000B43A23 /* GrossMotorGameTests.xctest */,
				18A466E827B0283000B43A23 /* GrossMotorGameUITests.xctest */,
			);
			name = Products;
			sourceTree = "<group>";
		};
		18A466CA27B0282F00B43A23 /* GrossMotorGame */ = {
			isa = PBXGroup;
			children = (
				1861AA8227E8B20D00F6ED35 /* Bunnybackground.jpeg */,
				1861AA8427E8C10D00F6ED35 /* Bunnybackground2.jpeg */,
				1861AA8627E9601100F6ED35 /* Bunnycongrats.jpeg */,
				1861AA7E27E7C89000F6ED35 /* grossmotoricon.jpeg */,
				1861AA7C27E7C69800F6ED35 /* AvatarWaving.png */,
				1861AA7227E7B3D800F6ED35 /* Avatar_with_Instructions.mp4 */,
				1861AA7627E7B77600F6ED35 /* ViewControllers */,
				18A466CB27B0282F00B43A23 /* AppDelegate.swift */,
				18A466CD27B0282F00B43A23 /* SceneDelegate.swift */,
				18A466CF27B0282F00B43A23 /* ViewController.swift */,
				18A466D427B0283000B43A23 /* Assets.xcassets */,
				18A466D627B0283000B43A23 /* LaunchScreen.storyboard */,
				18A466D127B0282F00B43A23 /* Main.storyboard */,
				18A466D927B0283000B43A23 /* Info.plist */,
				18A466FF27B466EB00B43A23 /* User.swift */,
			);
			path = GrossMotorGame;
			sourceTree = "<group>";
		};
		18A466E127B0283000B43A23 /* GrossMotorGameTests */ = {
			isa = PBXGroup;
			children = (
				18A466E227B0283000B43A23 /* GrossMotorGameTests.swift */,
			);
			path = GrossMotorGameTests;
			sourceTree = "<group>";
		};
		18A466EB27B0283000B43A23 /* GrossMotorGameUITests */ = {
			isa = PBXGroup;
			children = (
				18A466EC27B0283000B43A23 /* GrossMotorGameUITests.swift */,
				18A466EE27B0283000B43A23 /* GrossMotorGameUITestsLaunchTests.swift */,
			);
			path = GrossMotorGameUITests;
			sourceTree = "<group>";
		};
/* End PBXGroup section */

/* Begin PBXNativeTarget section */
		18A466C727B0282F00B43A23 /* GrossMotorGame */ = {
			isa = PBXNativeTarget;
			buildConfigurationList = 18A466F227B0283000B43A23 /* Build configuration list for PBXNativeTarget "GrossMotorGame" */;
			buildPhases = (
				18A466C427B0282F00B43A23 /* Sources */,
				18A466C527B0282F00B43A23 /* Frameworks */,
				18A466C627B0282F00B43A23 /* Resources */,
			);
			buildRules = (
			);
			dependencies = (
			);
			name = GrossMotorGame;
			productName = GrossMotorGame;
			productReference = 18A466C827B0282F00B43A23 /* GrossMotorGame.app */;
			productType = "com.apple.product-type.application";
		};
		18A466DD27B0283000B43A23 /* GrossMotorGameTests */ = {
			isa = PBXNativeTarget;
			buildConfigurationList = 18A466F527B0283000B43A23 /* Build configuration list for PBXNativeTarget "GrossMotorGameTests" */;
			buildPhases = (
				18A466DA27B0283000B43A23 /* Sources */,
				18A466DB27B0283000B43A23 /* Frameworks */,
				18A466DC27B0283000B43A23 /* Resources */,
			);
			buildRules = (
			);
			dependencies = (
				18A466E027B0283000B43A23 /* PBXTargetDependency */,
			);
			name = GrossMotorGameTests;
			productName = GrossMotorGameTests;
			productReference = 18A466DE27B0283000B43A23 /* GrossMotorGameTests.xctest */;
			productType = "com.apple.product-type.bundle.unit-test";
		};
		18A466E727B0283000B43A23 /* GrossMotorGameUITests */ = {
			isa = PBXNativeTarget;
			buildConfigurationList = 18A466F827B0283000B43A23 /* Build configuration list for PBXNativeTarget "GrossMotorGameUITests" */;
			buildPhases = (
				18A466E427B0283000B43A23 /* Sources */,
				18A466E527B0283000B43A23 /* Frameworks */,
				18A466E627B0283000B43A23 /* Resources */,
			);
			buildRules = (
			);
			dependencies = (
				18A466EA27B0283000B43A23 /* PBXTargetDependency */,
			);
			name = GrossMotorGameUITests;
			productName = GrossMotorGameUITests;
			productReference = 18A466E827B0283000B43A23 /* GrossMotorGameUITests.xctest */;
			productType = "com.apple.product-type.bundle.ui-testing";
		};
/* End PBXNativeTarget section */

/* Begin PBXProject section */
		18A466C027B0282F00B43A23 /* Project object */ = {
			isa = PBXProject;
			attributes = {
				BuildIndependentTargetsInParallel = 1;
				LastSwiftUpdateCheck = 1310;
				LastUpgradeCheck = 1310;
				TargetAttributes = {
					18A466C727B0282F00B43A23 = {
						CreatedOnToolsVersion = 13.1;
					};
					18A466DD27B0283000B43A23 = {
						CreatedOnToolsVersion = 13.1;
						TestTargetID = 18A466C727B0282F00B43A23;
					};
					18A466E727B0283000B43A23 = {
						CreatedOnToolsVersion = 13.1;
						TestTargetID = 18A466C727B0282F00B43A23;
					};
				};
			};
			buildConfigurationList = 18A466C327B0282F00B43A23 /* Build configuration list for PBXProject "GrossMotorGame" */;
			compatibilityVersion = "Xcode 13.0";
			developmentRegion = en;
			hasScannedForEncodings = 0;
			knownRegions = (
				en,
				Base,
			);
			mainGroup = 18A466BF27B0282F00B43A23;
			productRefGroup = 18A466C927B0282F00B43A23 /* Products */;
			projectDirPath = "";
			projectRoot = "";
			targets = (
				18A466C727B0282F00B43A23 /* GrossMotorGame */,
				18A466DD27B0283000B43A23 /* GrossMotorGameTests */,
				18A466E727B0283000B43A23 /* GrossMotorGameUITests */,
			);
		};
/* End PBXProject section */

/* Begin PBXResourcesBuildPhase section */
		18A466C627B0282F00B43A23 /* Resources */ = {
			isa = PBXResourcesBuildPhase;
			buildActionMask = 2147483647;
			files = (
				18A466D827B0283000B43A23 /* LaunchScreen.storyboard in Resources */,
				1861AA7327E7B3D800F6ED35 /* Avatar_with_Instructions.mp4 in Resources */,
				1861AA7D27E7C69800F6ED35 /* AvatarWaving.png in Resources */,
				1861AA8727E9601100F6ED35 /* Bunnycongrats.jpeg in Resources */,
				18A466D527B0283000B43A23 /* Assets.xcassets in Resources */,
				1861AA8327E8B20D00F6ED35 /* Bunnybackground.jpeg in Resources */,
				18A466D327B0282F00B43A23 /* Main.storyboard in Resources */,
				1861AA7F27E7C89000F6ED35 /* grossmotoricon.jpeg in Resources */,
				1861AA8527E8C10D00F6ED35 /* Bunnybackground2.jpeg in Resources */,
			);
			runOnlyForDeploymentPostprocessing = 0;
		};
		18A466DC27B0283000B43A23 /* Resources */ = {
			isa = PBXResourcesBuildPhase;
			buildActionMask = 2147483647;
			files = (
			);
			runOnlyForDeploymentPostprocessing = 0;
		};
		18A466E627B0283000B43A23 /* Resources */ = {
			isa = PBXResourcesBuildPhase;
			buildActionMask = 2147483647;
			files = (
			);
			runOnlyForDeploymentPostprocessing = 0;
		};
/* End PBXResourcesBuildPhase section */

/* Begin PBXSourcesBuildPhase section */
		18A466C427B0282F00B43A23 /* Sources */ = {
			isa = PBXSourcesBuildPhase;
			buildActionMask = 2147483647;
			files = (
				18A466D027B0282F00B43A23 /* ViewController.swift in Sources */,
				18A466FE27B466D400B43A23 /* WelcomeStep2ViewController.swift in Sources */,
				1861AA7927E7B88A00F6ED35 /* ForgottencodeViewController.swift in Sources */,
				18A4670027B466EB00B43A23 /* User.swift in Sources */,
				18A466CC27B0282F00B43A23 /* AppDelegate.swift in Sources */,
				1861AA7527E7B75900F6ED35 /* AvatarViewController.swift in Sources */,
				18A466FC27B466B500B43A23 /* WelcomeStep1ViewControlViewController.swift in Sources */,
				18A466CE27B0282F00B43A23 /* SceneDelegate.swift in Sources */,
				1861AA7B27E7C08B00F6ED35 /* CameraViewController.swift in Sources */,
			);
			runOnlyForDeploymentPostprocessing = 0;
		};
		18A466DA27B0283000B43A23 /* Sources */ = {
			isa = PBXSourcesBuildPhase;
			buildActionMask = 2147483647;
			files = (
				18A466E327B0283000B43A23 /* GrossMotorGameTests.swift in Sources */,
			);
			runOnlyForDeploymentPostprocessing = 0;
		};
		18A466E427B0283000B43A23 /* Sources */ = {
			isa = PBXSourcesBuildPhase;
			buildActionMask = 2147483647;
			files = (
				18A466ED27B0283000B43A23 /* GrossMotorGameUITests.swift in Sources */,
				18A466EF27B0283000B43A23 /* GrossMotorGameUITestsLaunchTests.swift in Sources */,
			);
			runOnlyForDeploymentPostprocessing = 0;
		};
/* End PBXSourcesBuildPhase section */

/* Begin PBXTargetDependency section */
		18A466E027B0283000B43A23 /* PBXTargetDependency */ = {
			isa = PBXTargetDependency;
			target = 18A466C727B0282F00B43A23 /* GrossMotorGame */;
			targetProxy = 18A466DF27B0283000B43A23 /* PBXContainerItemProxy */;
		};
		18A466EA27B0283000B43A23 /* PBXTargetDependency */ = {
			isa = PBXTargetDependency;
			target = 18A466C727B0282F00B43A23 /* GrossMotorGame */;
			targetProxy = 18A466E927B0283000B43A23 /* PBXContainerItemProxy */;
		};
/* End PBXTargetDependency section */

/* Begin PBXVariantGroup section */
		18A466D127B0282F00B43A23 /* Main.storyboard */ = {
			isa = PBXVariantGroup;
			children = (
				18A466D227B0282F00B43A23 /* Base */,
			);
			name = Main.storyboard;
			sourceTree = "<group>";
		};
		18A466D627B0283000B43A23 /* LaunchScreen.storyboard */ = {
			isa = PBXVariantGroup;
			children = (
				18A466D727B0283000B43A23 /* Base */,
			);
			name = LaunchScreen.storyboard;
			sourceTree = "<group>";
		};
/* End PBXVariantGroup section */

/* Begin XCBuildConfiguration section */
		18A466F027B0283000B43A23 /* Debug */ = {
			isa = XCBuildConfiguration;
			buildSettings = {
				ALWAYS_SEARCH_USER_PATHS = NO;
				CLANG_ANALYZER_NONNULL = YES;
				CLANG_ANALYZER_NUMBER_OBJECT_CONVERSION = YES_AGGRESSIVE;
				CLANG_CXX_LANGUAGE_STANDARD = "gnu++17";
				CLANG_CXX_LIBRARY = "libc++";
				CLANG_ENABLE_MODULES = YES;
				CLANG_ENABLE_OBJC_ARC = YES;
				CLANG_ENABLE_OBJC_WEAK = YES;
				CLANG_WARN_BLOCK_CAPTURE_AUTORELEASING = YES;
				CLANG_WARN_BOOL_CONVERSION = YES;
				CLANG_WARN_COMMA = YES;
				CLANG_WARN_CONSTANT_CONVERSION = YES;
				CLANG_WARN_DEPRECATED_OBJC_IMPLEMENTATIONS = YES;
				CLANG_WARN_DIRECT_OBJC_ISA_USAGE = YES_ERROR;
				CLANG_WARN_DOCUMENTATION_COMMENTS = YES;
				CLANG_WARN_EMPTY_BODY = YES;
				CLANG_WARN_ENUM_CONVERSION = YES;
				CLANG_WARN_INFINITE_RECURSION = YES;
				CLANG_WARN_INT_CONVERSION = YES;
				CLANG_WARN_NON_LITERAL_NULL_CONVERSION = YES;
				CLANG_WARN_OBJC_IMPLICIT_RETAIN_SELF = YES;
				CLANG_WARN_OBJC_LITERAL_CONVERSION = YES;
				CLANG_WARN_OBJC_ROOT_CLASS = YES_ERROR;
				CLANG_WARN_QUOTED_INCLUDE_IN_FRAMEWORK_HEADER = YES;
				CLANG_WARN_RANGE_LOOP_ANALYSIS = YES;
				CLANG_WARN_STRICT_PROTOTYPES = YES;
				CLANG_WARN_SUSPICIOUS_MOVE = YES;
				CLANG_WARN_UNGUARDED_AVAILABILITY = YES_AGGRESSIVE;
				CLANG_WARN_UNREACHABLE_CODE = YES;
				CLANG_WARN__DUPLICATE_METHOD_MATCH = YES;
				COPY_PHASE_STRIP = NO;
				DEBUG_INFORMATION_FORMAT = dwarf;
				ENABLE_STRICT_OBJC_MSGSEND = YES;
				ENABLE_TESTABILITY = YES;
				GCC_C_LANGUAGE_STANDARD = gnu11;
				GCC_DYNAMIC_NO_PIC = NO;
				GCC_NO_COMMON_BLOCKS = YES;
				GCC_OPTIMIZATION_LEVEL = 0;
				GCC_PREPROCESSOR_DEFINITIONS = (
					"DEBUG=1",
					"$(inherited)",
				);
				GCC_WARN_64_TO_32_BIT_CONVERSION = YES;
				GCC_WARN_ABOUT_RETURN_TYPE = YES_ERROR;
				GCC_WARN_UNDECLARED_SELECTOR = YES;
				GCC_WARN_UNINITIALIZED_AUTOS = YES_AGGRESSIVE;
				GCC_WARN_UNUSED_FUNCTION = YES;
				GCC_WARN_UNUSED_VARIABLE = YES;
				IPHONEOS_DEPLOYMENT_TARGET = 15.0;
				MTL_ENABLE_DEBUG_INFO = INCLUDE_SOURCE;
				MTL_FAST_MATH = YES;
				ONLY_ACTIVE_ARCH = YES;
				SDKROOT = iphoneos;
				SWIFT_ACTIVE_COMPILATION_CONDITIONS = DEBUG;
				SWIFT_OPTIMIZATION_LEVEL = "-Onone";
			};
			name = Debug;
		};
		18A466F127B0283000B43A23 /* Release */ = {
			isa = XCBuildConfiguration;
			buildSettings = {
				ALWAYS_SEARCH_USER_PATHS = NO;
				CLANG_ANALYZER_NONNULL = YES;
				CLANG_ANALYZER_NUMBER_OBJECT_CONVERSION = YES_AGGRESSIVE;
				CLANG_CXX_LANGUAGE_STANDARD = "gnu++17";
				CLANG_CXX_LIBRARY = "libc++";
				CLANG_ENABLE_MODULES = YES;
				CLANG_ENABLE_OBJC_ARC = YES;
				CLANG_ENABLE_OBJC_WEAK = YES;
				CLANG_WARN_BLOCK_CAPTURE_AUTORELEASING = YES;
				CLANG_WARN_BOOL_CONVERSION = YES;
				CLANG_WARN_COMMA = YES;
				CLANG_WARN_CONSTANT_CONVERSION = YES;
				CLANG_WARN_DEPRECATED_OBJC_IMPLEMENTATIONS = YES;
				CLANG_WARN_DIRECT_OBJC_ISA_USAGE = YES_ERROR;
				CLANG_WARN_DOCUMENTATION_COMMENTS = YES;
				CLANG_WARN_EMPTY_BODY = YES;
				CLANG_WARN_ENUM_CONVERSION = YES;
				CLANG_WARN_INFINITE_RECURSION = YES;
				CLANG_WARN_INT_CONVERSION = YES;
				CLANG_WARN_NON_LITERAL_NULL_CONVERSION = YES;
				CLANG_WARN_OBJC_IMPLICIT_RETAIN_SELF = YES;
				CLANG_WARN_OBJC_LITERAL_CONVERSION = YES;
				CLANG_WARN_OBJC_ROOT_CLASS = YES_ERROR;
				CLANG_WARN_QUOTED_INCLUDE_IN_FRAMEWORK_HEADER = YES;
				CLANG_WARN_RANGE_LOOP_ANALYSIS = YES;
				CLANG_WARN_STRICT_PROTOTYPES = YES;
				CLANG_WARN_SUSPICIOUS_MOVE = YES;
				CLANG_WARN_UNGUARDED_AVAILABILITY = YES_AGGRESSIVE;
				CLANG_WARN_UNREACHABLE_CODE = YES;
				CLANG_WARN__DUPLICATE_METHOD_MATCH = YES;
				COPY_PHASE_STRIP = NO;
				DEBUG_INFORMATION_FORMAT = "dwarf-with-dsym";
				ENABLE_NS_ASSERTIONS = NO;
				ENABLE_STRICT_OBJC_MSGSEND = YES;
				GCC_C_LANGUAGE_STANDARD = gnu11;
				GCC_NO_COMMON_BLOCKS = YES;
				GCC_WARN_64_TO_32_BIT_CONVERSION = YES;
				GCC_WARN_ABOUT_RETURN_TYPE = YES_ERROR;
				GCC_WARN_UNDECLARED_SELECTOR = YES;
				GCC_WARN_UNINITIALIZED_AUTOS = YES_AGGRESSIVE;
				GCC_WARN_UNUSED_FUNCTION = YES;
				GCC_WARN_UNUSED_VARIABLE = YES;
				IPHONEOS_DEPLOYMENT_TARGET = 15.0;
				MTL_ENABLE_DEBUG_INFO = NO;
				MTL_FAST_MATH = YES;
				SDKROOT = iphoneos;
				SWIFT_COMPILATION_MODE = wholemodule;
				SWIFT_OPTIMIZATION_LEVEL = "-O";
				VALIDATE_PRODUCT = YES;
			};
			name = Release;
		};
		18A466F327B0283000B43A23 /* Debug */ = {
			isa = XCBuildConfiguration;
			buildSettings = {
				ASSETCATALOG_COMPILER_APPICON_NAME = AppIcon;
				ASSETCATALOG_COMPILER_GLOBAL_ACCENT_COLOR_NAME = AccentColor;
				CODE_SIGN_STYLE = Automatic;
				CURRENT_PROJECT_VERSION = 1;
				DEVELOPMENT_TEAM = NDVKA2PBV3;
				GENERATE_INFOPLIST_FILE = YES;
				INFOPLIST_FILE = GrossMotorGame/Info.plist;
				INFOPLIST_KEY_UIApplicationSupportsIndirectInputEvents = YES;
				INFOPLIST_KEY_UILaunchStoryboardName = LaunchScreen;
				INFOPLIST_KEY_UIMainStoryboardFile = Main;
				INFOPLIST_KEY_UIRequiresFullScreen = YES;
				INFOPLIST_KEY_UISupportedInterfaceOrientations = "UIInterfaceOrientationLandscapeLeft UIInterfaceOrientationLandscapeRight";
				INFOPLIST_KEY_UISupportedInterfaceOrientations_iPad = "UIInterfaceOrientationPortrait UIInterfaceOrientationPortraitUpsideDown UIInterfaceOrientationLandscapeLeft UIInterfaceOrientationLandscapeRight";
				INFOPLIST_KEY_UISupportedInterfaceOrientations_iPhone = "UIInterfaceOrientationPortrait UIInterfaceOrientationLandscapeLeft UIInterfaceOrientationLandscapeRight";
				LD_RUNPATH_SEARCH_PATHS = (
					"$(inherited)",
					"@executable_path/Frameworks",
				);
				MARKETING_VERSION = 1.0;
				PRODUCT_BUNDLE_IDENTIFIER = com.seniordesign.GrossMotorGame;
				PRODUCT_NAME = "$(TARGET_NAME)";
				SWIFT_EMIT_LOC_STRINGS = YES;
				SWIFT_VERSION = 5.0;
				TARGETED_DEVICE_FAMILY = 2;
			};
			name = Debug;
		};
		18A466F427B0283000B43A23 /* Release */ = {
			isa = XCBuildConfiguration;
			buildSettings = {
				ASSETCATALOG_COMPILER_APPICON_NAME = AppIcon;
				ASSETCATALOG_COMPILER_GLOBAL_ACCENT_COLOR_NAME = AccentColor;
				CODE_SIGN_STYLE = Automatic;
				CURRENT_PROJECT_VERSION = 1;
				DEVELOPMENT_TEAM = NDVKA2PBV3;
				GENERATE_INFOPLIST_FILE = YES;
				INFOPLIST_FILE = GrossMotorGame/Info.plist;
				INFOPLIST_KEY_UIApplicationSupportsIndirectInputEvents = YES;
				INFOPLIST_KEY_UILaunchStoryboardName = LaunchScreen;
				INFOPLIST_KEY_UIMainStoryboardFile = Main;
				INFOPLIST_KEY_UIRequiresFullScreen = YES;
				INFOPLIST_KEY_UISupportedInterfaceOrientations = "UIInterfaceOrientationLandscapeLeft UIInterfaceOrientationLandscapeRight";
				INFOPLIST_KEY_UISupportedInterfaceOrientations_iPad = "UIInterfaceOrientationPortrait UIInterfaceOrientationPortraitUpsideDown UIInterfaceOrientationLandscapeLeft UIInterfaceOrientationLandscapeRight";
				INFOPLIST_KEY_UISupportedInterfaceOrientations_iPhone = "UIInterfaceOrientationPortrait UIInterfaceOrientationLandscapeLeft UIInterfaceOrientationLandscapeRight";
				LD_RUNPATH_SEARCH_PATHS = (
					"$(inherited)",
					"@executable_path/Frameworks",
				);
				MARKETING_VERSION = 1.0;
				PRODUCT_BUNDLE_IDENTIFIER = com.seniordesign.GrossMotorGame;
				PRODUCT_NAME = "$(TARGET_NAME)";
				SWIFT_EMIT_LOC_STRINGS = YES;
				SWIFT_VERSION = 5.0;
				TARGETED_DEVICE_FAMILY = 2;
			};
			name = Release;
		};
		18A466F627B0283000B43A23 /* Debug */ = {
			isa = XCBuildConfiguration;
			buildSettings = {
				ALWAYS_EMBED_SWIFT_STANDARD_LIBRARIES = YES;
				BUNDLE_LOADER = "$(TEST_HOST)";
				CODE_SIGN_STYLE = Automatic;
				CURRENT_PROJECT_VERSION = 1;
				DEVELOPMENT_TEAM = NDVKA2PBV3;
				GENERATE_INFOPLIST_FILE = YES;
				IPHONEOS_DEPLOYMENT_TARGET = 15.0;
				LD_RUNPATH_SEARCH_PATHS = (
					"$(inherited)",
					"@executable_path/Frameworks",
					"@loader_path/Frameworks",
				);
				MARKETING_VERSION = 1.0;
				PRODUCT_BUNDLE_IDENTIFIER = com.seniordesign.GrossMotorGameTests;
				PRODUCT_NAME = "$(TARGET_NAME)";
				SWIFT_EMIT_LOC_STRINGS = NO;
				SWIFT_VERSION = 5.0;
				TARGETED_DEVICE_FAMILY = "1,2";
				TEST_HOST = "$(BUILT_PRODUCTS_DIR)/GrossMotorGame.app/GrossMotorGame";
			};
			name = Debug;
		};
		18A466F727B0283000B43A23 /* Release */ = {
			isa = XCBuildConfiguration;
			buildSettings = {
				ALWAYS_EMBED_SWIFT_STANDARD_LIBRARIES = YES;
				BUNDLE_LOADER = "$(TEST_HOST)";
				CODE_SIGN_STYLE = Automatic;
				CURRENT_PROJECT_VERSION = 1;
				DEVELOPMENT_TEAM = NDVKA2PBV3;
				GENERATE_INFOPLIST_FILE = YES;
				IPHONEOS_DEPLOYMENT_TARGET = 15.0;
				LD_RUNPATH_SEARCH_PATHS = (
					"$(inherited)",
					"@executable_path/Frameworks",
					"@loader_path/Frameworks",
				);
				MARKETING_VERSION = 1.0;
				PRODUCT_BUNDLE_IDENTIFIER = com.seniordesign.GrossMotorGameTests;
				PRODUCT_NAME = "$(TARGET_NAME)";
				SWIFT_EMIT_LOC_STRINGS = NO;
				SWIFT_VERSION = 5.0;
				TARGETED_DEVICE_FAMILY = "1,2";
				TEST_HOST = "$(BUILT_PRODUCTS_DIR)/GrossMotorGame.app/GrossMotorGame";
			};
			name = Release;
		};
		18A466F927B0283000B43A23 /* Debug */ = {
			isa = XCBuildConfiguration;
			buildSettings = {
				ALWAYS_EMBED_SWIFT_STANDARD_LIBRARIES = YES;
				CODE_SIGN_STYLE = Automatic;
				CURRENT_PROJECT_VERSION = 1;
				DEVELOPMENT_TEAM = NDVKA2PBV3;
				GENERATE_INFOPLIST_FILE = YES;
				LD_RUNPATH_SEARCH_PATHS = (
					"$(inherited)",
					"@executable_path/Frameworks",
					"@loader_path/Frameworks",
				);
				MARKETING_VERSION = 1.0;
				PRODUCT_BUNDLE_IDENTIFIER = com.seniordesign.GrossMotorGameUITests;
				PRODUCT_NAME = "$(TARGET_NAME)";
				SWIFT_EMIT_LOC_STRINGS = NO;
				SWIFT_VERSION = 5.0;
				TARGETED_DEVICE_FAMILY = "1,2";
				TEST_TARGET_NAME = GrossMotorGame;
			};
			name = Debug;
		};
		18A466FA27B0283000B43A23 /* Release */ = {
			isa = XCBuildConfiguration;
			buildSettings = {
				ALWAYS_EMBED_SWIFT_STANDARD_LIBRARIES = YES;
				CODE_SIGN_STYLE = Automatic;
				CURRENT_PROJECT_VERSION = 1;
				DEVELOPMENT_TEAM = NDVKA2PBV3;
				GENERATE_INFOPLIST_FILE = YES;
				LD_RUNPATH_SEARCH_PATHS = (
					"$(inherited)",
					"@executable_path/Frameworks",
					"@loader_path/Frameworks",
				);
				MARKETING_VERSION = 1.0;
				PRODUCT_BUNDLE_IDENTIFIER = com.seniordesign.GrossMotorGameUITests;
				PRODUCT_NAME = "$(TARGET_NAME)";
				SWIFT_EMIT_LOC_STRINGS = NO;
				SWIFT_VERSION = 5.0;
				TARGETED_DEVICE_FAMILY = "1,2";
				TEST_TARGET_NAME = GrossMotorGame;
			};
			name = Release;
		};
/* End XCBuildConfiguration section */

/* Begin XCConfigurationList section */
		18A466C327B0282F00B43A23 /* Build configuration list for PBXProject "GrossMotorGame" */ = {
			isa = XCConfigurationList;
			buildConfigurations = (
				18A466F027B0283000B43A23 /* Debug */,
				18A466F127B0283000B43A23 /* Release */,
			);
			defaultConfigurationIsVisible = 0;
			defaultConfigurationName = Release;
		};
		18A466F227B0283000B43A23 /* Build configuration list for PBXNativeTarget "GrossMotorGame" */ = {
			isa = XCConfigurationList;
			buildConfigurations = (
				18A466F327B0283000B43A23 /* Debug */,
				18A466F427B0283000B43A23 /* Release */,
			);
			defaultConfigurationIsVisible = 0;
			defaultConfigurationName = Release;
		};
		18A466F527B0283000B43A23 /* Build configuration list for PBXNativeTarget "GrossMotorGameTests" */ = {
			isa = XCConfigurationList;
			buildConfigurations = (
				18A466F627B0283000B43A23 /* Debug */,
				18A466F727B0283000B43A23 /* Release */,
			);
			defaultConfigurationIsVisible = 0;
			defaultConfigurationName = Release;
		};
		18A466F827B0283000B43A23 /* Build configuration list for PBXNativeTarget "GrossMotorGameUITests" */ = {
			isa = XCConfigurationList;
			buildConfigurations = (
				18A466F927B0283000B43A23 /* Debug */,
				18A466FA27B0283000B43A23 /* Release */,
			);
			defaultConfigurationIsVisible = 0;
			defaultConfigurationName = Release;
		};
/* End XCConfigurationList section */
	};
	rootObject = 18A466C027B0282F00B43A23 /* Project object */;
}
